
Microsoft Visual Studio Solution File, Format Version 12.00
# Visual Studio Version 16
VisualStudioVersion = 16.0.31205.134
MinimumVisualStudioVersion = 10.0.40219.1
Project("{FAE04EC0-301F-11D3-BF4B-00C04F79EFBC}") = "CamTest.Android", "CamTest\CamTest.Android\CamTest.Android.csproj", "{67C0CB0E-E070-4AE2-AC99-92FDE4868D36}"
EndProject
Project("{FAE04EC0-301F-11D3-BF4B-00C04F79EFBC}") = "CamTest.iOS", "CamTest\CamTest.iOS\CamTest.iOS.csproj", "{80CDF63E-AE20-40AD-81E5-0FB3AFA83CB9}"
EndProject
Project("{FAE04EC0-301F-11D3-BF4B-00C04F79EFBC}") = "CamTest", "CamTest\CamTest\CamTest.csproj", "{A4034D34-C68A-459D-81B9-7A1B108BAAF8}"
EndProject
Global
	GlobalSection(SolutionConfigurationPlatforms) = preSolution
		Debug|Any CPU = Debug|Any CPU
		Debug|iPhone = Debug|iPhone
		Debug|iPhoneSimulator = Debug|iPhoneSimulator
		Release|Any CPU = Release|Any CPU
		Release|iPhone = Release|iPhone
		Release|iPhoneSimulator = Release|iPhoneSimulator
	EndGlobalSection
	GlobalSection(ProjectConfigurationPlatforms) = postSolution
		{67C0CB0E-E070-4AE2-AC99-92FDE4868D36}.Debug|Any CPU.ActiveCfg = Debug|Any CPU
		{67C0CB0E-E070-4AE2-AC99-92FDE4868D36}.Debug|Any CPU.Build.0 = Debug|Any CPU
		{67C0CB0E-E070-4AE2-AC99-92FDE4868D36}.Debug|Any CPU.Deploy.0 = Debug|Any CPU
		{67C0CB0E-E070-4AE2-AC99-92FDE4868D36}.Debug|iPhone.ActiveCfg = Debug|Any CPU
		{67C0CB0E-E070-4AE2-AC99-92FDE4868D36}.Debug|iPhone.Build.0 = Debug|Any CPU
		{67C0CB0E-E070-4AE2-AC99-92FDE4868D36}.Debug|iPhone.Deploy.0 = Debug|Any CPU
		{67C0CB0E-E070-4AE2-AC99-92FDE4868D36}.Debug|iPhoneSimulator.ActiveCfg = Debug|Any CPU
		{67C0CB0E-E070-4AE2-AC99-92FDE4868D36}.Debug|iPhoneSimulator.Build.0 = Debug|Any CPU
		{67C0CB0E-E070-4AE2-AC99-92FDE4868D36}.Debug|iPhoneSimulator.Deploy.0 = Debug|Any CPU
		{67C0CB0E-E070-4AE2-AC99-92FDE4868D36}.Release|Any CPU.ActiveCfg = Release|Any CPU
		{67C0CB0E-E070-4AE2-AC99-92FDE4868D36}.Release|Any CPU.Build.0 = Release|Any CPU
		{67C0CB0E-E070-4AE2-AC99-92FDE4868D36}.Release|Any CPU.Deploy.0 = Release|Any CPU
		{67C0CB0E-E070-4AE2-AC99-92FDE4868D36}.Release|iPhone.ActiveCfg = Release|Any CPU
		{67C0CB0E-E070-4AE2-AC99-92FDE4868D36}.Release|iPhone.Build.0 = Release|Any CPU
		{67C0CB0E-E070-4AE2-AC99-92FDE4868D36}.Release|iPhone.Deploy.0 = Release|Any CPU
		{67C0CB0E-E070-4AE2-AC99-92FDE4868D36}.Release|iPhoneSimulator.ActiveCfg = Release|Any CPU
		{67C0CB0E-E070-4AE2-AC99-92FDE4868D36}.Release|iPhoneSimulator.Build.0 = Release|Any CPU
		{67C0CB0E-E070-4AE2-AC99-92FDE4868D36}.Release|iPhoneSimulator.Deploy.0 = Release|Any CPU
		{80CDF63E-AE20-40AD-81E5-0FB3AFA83CB9}.Debug|Any CPU.ActiveCfg = Debug|iPhone
		{80CDF63E-AE20-40AD-81E5-0FB3AFA83CB9}.Debug|Any CPU.Build.0 = Debug|iPhone
		{80CDF63E-AE20-40AD-81E5-0FB3AFA83CB9}.Debug|Any CPU.Deploy.0 = Debug|iPhone
		{80CDF63E-AE20-40AD-81E5-0FB3AFA83CB9}.Debug|iPhone.ActiveCfg = Debug|iPhone
		{80CDF63E-AE20-40AD-81E5-0FB3AFA83CB9}.Debug|iPhone.Build.0 = Debug|iPhone
		{80CDF63E-AE20-40AD-81E5-0FB3AFA83CB9}.Debug|iPhone.Deploy.0 = Debug|iPhone
		{80CDF63E-AE20-40AD-81E5-0FB3AFA83CB9}.Debug|iPhoneSimulator.ActiveCfg = Debug|iPhoneSimulator
		{80CDF63E-AE20-40AD-81E5-0FB3AFA83CB9}.Debug|iPhoneSimulator.Build.0 = Debug|iPhoneSimulator
		{80CDF63E-AE20-40AD-81E5-0FB3AFA83CB9}.Debug|iPhoneSimulator.Deploy.0 = Debug|iPhoneSimulator
		{80CDF63E-AE20-40AD-81E5-0FB3AFA83CB9}.Release|Any CPU.ActiveCfg = Release|iPhoneSimulator
		{80CDF63E-AE20-40AD-81E5-0FB3AFA83CB9}.Release|Any CPU.Build.0 = Release|iPhoneSimulator
		{80CDF63E-AE20-40AD-81E5-0FB3AFA83CB9}.Release|Any CPU.Deploy.0 = Release|iPhoneSimulator
		{80CDF63E-AE20-40AD-81E5-0FB3AFA83CB9}.Release|iPhone.ActiveCfg = Release|iPhone
		{80CDF63E-AE20-40AD-81E5-0FB3AFA83CB9}.Release|iPhone.Build.0 = Release|iPhone
		{80CDF63E-AE20-40AD-81E5-0FB3AFA83CB9}.Release|iPhone.Deploy.0 = Release|iPhone
		{80CDF63E-AE20-40AD-81E5-0FB3AFA83CB9}.Release|iPhoneSimulator.ActiveCfg = Release|iPhoneSimulator
		{80CDF63E-AE20-40AD-81E5-0FB3AFA83CB9}.Release|iPhoneSimulator.Build.0 = Release|iPhoneSimulator
		{80CDF63E-AE20-40AD-81E5-0FB3AFA83CB9}.Release|iPhoneSimulator.Deploy.0 = Release|iPhoneSimulator
		{A4034D34-C68A-459D-81B9-7A1B108BAAF8}.Debug|Any CPU.ActiveCfg = Debug|Any CPU
		{A4034D34-C68A-459D-81B9-7A1B108BAAF8}.Debug|Any CPU.Build.0 = Debug|Any CPU
		{A4034D34-C68A-459D-81B9-7A1B108BAAF8}.Debug|Any CPU.Deploy.0 = Debug|Any CPU
		{A4034D34-C68A-459D-81B9-7A1B108BAAF8}.Debug|iPhone.ActiveCfg = Debug|Any CPU
		{A4034D34-C68A-459D-81B9-7A1B108BAAF8}.Debug|iPhone.Build.0 = Debug|Any CPU
		{A4034D34-C68A-459D-81B9-7A1B108BAAF8}.Debug|iPhone.Deploy.0 = Debug|Any CPU
		{A4034D34-C68A-459D-81B9-7A1B108BAAF8}.Debug|iPhoneSimulator.ActiveCfg = Debug|Any CPU
		{A4034D34-C68A-459D-81B9-7A1B108BAAF8}.Debug|iPhoneSimulator.Build.0 = Debug|Any CPU
		{A4034D34-C68A-459D-81B9-7A1B108BAAF8}.Debug|iPhoneSimulator.Deploy.0 = Debug|Any CPU
		{A4034D34-C68A-459D-81B9-7A1B108BAAF8}.Release|Any CPU.ActiveCfg = Release|Any CPU
		{A4034D34-C68A-459D-81B9-7A1B108BAAF8}.Release|Any CPU.Build.0 = Release|Any CPU
		{A4034D34-C68A-459D-81B9-7A1B108BAAF8}.Release|Any CPU.Deploy.0 = Release|Any CPU
		{A4034D34-C68A-459D-81B9-7A1B108BAAF8}.Release|iPhone.ActiveCfg = Release|Any CPU
		{A4034D34-C68A-459D-81B9-7A1B108BAAF8}.Release|iPhone.Build.0 = Release|Any CPU
		{A4034D34-C68A-459D-81B9-7A1B108BAAF8}.Release|iPhone.Deploy.0 = Release|Any CPU
		{A4034D34-C68A-459D-81B9-7A1B108BAAF8}.Release|iPhoneSimulator.ActiveCfg = Release|Any CPU
		{A4034D34-C68A-459D-81B9-7A1B108BAAF8}.Release|iPhoneSimulator.Build.0 = Release|Any CPU
		{A4034D34-C68A-459D-81B9-7A1B108BAAF8}.Release|iPhoneSimulator.Deploy.0 = Release|Any CPU
	EndGlobalSection
	GlobalSection(SolutionProperties) = preSolution
		HideSolutionNode = FALSE
	EndGlobalSection
	GlobalSection(ExtensibilityGlobals) = postSolution
		SolutionGuid = {DDBC0A1A-9D24-40E6-ACBF-30F581B24161}
	EndGlobalSection
EndGlobal
