
Microsoft Visual Studio Solution File, Format Version 12.00
# Visual Studio Version 16
VisualStudioVersion = 16.0.31005.135
MinimumVisualStudioVersion = 10.0.40219.1
Project("{FAE04EC0-301F-11D3-BF4B-00C04F79EFBC}") = "Calculator.Android", "Calculator\Calculator.Android\Calculator.Android.csproj", "{2C294A23-59D4-4D5D-87F2-0DC69D225F7E}"
EndProject
Project("{FAE04EC0-301F-11D3-BF4B-00C04F79EFBC}") = "Calculator.iOS", "Calculator\Calculator.iOS\Calculator.iOS.csproj", "{2A0EAEF3-5D48-47A3-BFF8-26CD64C84B43}"
EndProject
Project("{FAE04EC0-301F-11D3-BF4B-00C04F79EFBC}") = "Calculator", "Calculator\Calculator\Calculator.csproj", "{2DEBA211-1DE5-47C6-9FF6-ADA57B944457}"
EndProject
Global
	GlobalSection(SolutionConfigurationPlatforms) = preSolution
		Debug|Any CPU = Debug|Any CPU
		Debug|iPhone = Debug|iPhone
		Debug|iPhoneSimulator = Debug|iPhoneSimulator
		Release|Any CPU = Release|Any CPU
		Release|iPhone = Release|iPhone
		Release|iPhoneSimulator = Release|iPhoneSimulator
	EndGlobalSection
	GlobalSection(ProjectConfigurationPlatforms) = postSolution
		{2C294A23-59D4-4D5D-87F2-0DC69D225F7E}.Debug|Any CPU.ActiveCfg = Debug|Any CPU
		{2C294A23-59D4-4D5D-87F2-0DC69D225F7E}.Debug|Any CPU.Build.0 = Debug|Any CPU
		{2C294A23-59D4-4D5D-87F2-0DC69D225F7E}.Debug|Any CPU.Deploy.0 = Debug|Any CPU
		{2C294A23-59D4-4D5D-87F2-0DC69D225F7E}.Debug|iPhone.ActiveCfg = Debug|Any CPU
		{2C294A23-59D4-4D5D-87F2-0DC69D225F7E}.Debug|iPhone.Build.0 = Debug|Any CPU
		{2C294A23-59D4-4D5D-87F2-0DC69D225F7E}.Debug|iPhone.Deploy.0 = Debug|Any CPU
		{2C294A23-59D4-4D5D-87F2-0DC69D225F7E}.Debug|iPhoneSimulator.ActiveCfg = Debug|Any CPU
		{2C294A23-59D4-4D5D-87F2-0DC69D225F7E}.Debug|iPhoneSimulator.Build.0 = Debug|Any CPU
		{2C294A23-59D4-4D5D-87F2-0DC69D225F7E}.Debug|iPhoneSimulator.Deploy.0 = Debug|Any CPU
		{2C294A23-59D4-4D5D-87F2-0DC69D225F7E}.Release|Any CPU.ActiveCfg = Release|Any CPU
		{2C294A23-59D4-4D5D-87F2-0DC69D225F7E}.Release|Any CPU.Build.0 = Release|Any CPU
		{2C294A23-59D4-4D5D-87F2-0DC69D225F7E}.Release|Any CPU.Deploy.0 = Release|Any CPU
		{2C294A23-59D4-4D5D-87F2-0DC69D225F7E}.Release|iPhone.ActiveCfg = Release|Any CPU
		{2C294A23-59D4-4D5D-87F2-0DC69D225F7E}.Release|iPhone.Build.0 = Release|Any CPU
		{2C294A23-59D4-4D5D-87F2-0DC69D225F7E}.Release|iPhone.Deploy.0 = Release|Any CPU
		{2C294A23-59D4-4D5D-87F2-0DC69D225F7E}.Release|iPhoneSimulator.ActiveCfg = Release|Any CPU
		{2C294A23-59D4-4D5D-87F2-0DC69D225F7E}.Release|iPhoneSimulator.Build.0 = Release|Any CPU
		{2C294A23-59D4-4D5D-87F2-0DC69D225F7E}.Release|iPhoneSimulator.Deploy.0 = Release|Any CPU
		{2A0EAEF3-5D48-47A3-BFF8-26CD64C84B43}.Debug|Any CPU.ActiveCfg = Debug|iPhone
		{2A0EAEF3-5D48-47A3-BFF8-26CD64C84B43}.Debug|Any CPU.Build.0 = Debug|iPhone
		{2A0EAEF3-5D48-47A3-BFF8-26CD64C84B43}.Debug|Any CPU.Deploy.0 = Debug|iPhone
		{2A0EAEF3-5D48-47A3-BFF8-26CD64C84B43}.Debug|iPhone.ActiveCfg = Debug|iPhone
		{2A0EAEF3-5D48-47A3-BFF8-26CD64C84B43}.Debug|iPhone.Build.0 = Debug|iPhone
		{2A0EAEF3-5D48-47A3-BFF8-26CD64C84B43}.Debug|iPhone.Deploy.0 = Debug|iPhone
		{2A0EAEF3-5D48-47A3-BFF8-26CD64C84B43}.Debug|iPhoneSimulator.ActiveCfg = Debug|iPhoneSimulator
		{2A0EAEF3-5D48-47A3-BFF8-26CD64C84B43}.Debug|iPhoneSimulator.Build.0 = Debug|iPhoneSimulator
		{2A0EAEF3-5D48-47A3-BFF8-26CD64C84B43}.Debug|iPhoneSimulator.Deploy.0 = Debug|iPhoneSimulator
		{2A0EAEF3-5D48-47A3-BFF8-26CD64C84B43}.Release|Any CPU.ActiveCfg = Release|iPhoneSimulator
		{2A0EAEF3-5D48-47A3-BFF8-26CD64C84B43}.Release|Any CPU.Build.0 = Release|iPhoneSimulator
		{2A0EAEF3-5D48-47A3-BFF8-26CD64C84B43}.Release|Any CPU.Deploy.0 = Release|iPhoneSimulator
		{2A0EAEF3-5D48-47A3-BFF8-26CD64C84B43}.Release|iPhone.ActiveCfg = Release|iPhone
		{2A0EAEF3-5D48-47A3-BFF8-26CD64C84B43}.Release|iPhone.Build.0 = Release|iPhone
		{2A0EAEF3-5D48-47A3-BFF8-26CD64C84B43}.Release|iPhone.Deploy.0 = Release|iPhone
		{2A0EAEF3-5D48-47A3-BFF8-26CD64C84B43}.Release|iPhoneSimulator.ActiveCfg = Release|iPhoneSimulator
		{2A0EAEF3-5D48-47A3-BFF8-26CD64C84B43}.Release|iPhoneSimulator.Build.0 = Release|iPhoneSimulator
		{2A0EAEF3-5D48-47A3-BFF8-26CD64C84B43}.Release|iPhoneSimulator.Deploy.0 = Release|iPhoneSimulator
		{2DEBA211-1DE5-47C6-9FF6-ADA57B944457}.Debug|Any CPU.ActiveCfg = Debug|Any CPU
		{2DEBA211-1DE5-47C6-9FF6-ADA57B944457}.Debug|Any CPU.Build.0 = Debug|Any CPU
		{2DEBA211-1DE5-47C6-9FF6-ADA57B944457}.Debug|Any CPU.Deploy.0 = Debug|Any CPU
		{2DEBA211-1DE5-47C6-9FF6-ADA57B944457}.Debug|iPhone.ActiveCfg = Debug|Any CPU
		{2DEBA211-1DE5-47C6-9FF6-ADA57B944457}.Debug|iPhone.Build.0 = Debug|Any CPU
		{2DEBA211-1DE5-47C6-9FF6-ADA57B944457}.Debug|iPhone.Deploy.0 = Debug|Any CPU
		{2DEBA211-1DE5-47C6-9FF6-ADA57B944457}.Debug|iPhoneSimulator.ActiveCfg = Debug|Any CPU
		{2DEBA211-1DE5-47C6-9FF6-ADA57B944457}.Debug|iPhoneSimulator.Build.0 = Debug|Any CPU
		{2DEBA211-1DE5-47C6-9FF6-ADA57B944457}.Debug|iPhoneSimulator.Deploy.0 = Debug|Any CPU
		{2DEBA211-1DE5-47C6-9FF6-ADA57B944457}.Release|Any CPU.ActiveCfg = Release|Any CPU
		{2DEBA211-1DE5-47C6-9FF6-ADA57B944457}.Release|Any CPU.Build.0 = Release|Any CPU
		{2DEBA211-1DE5-47C6-9FF6-ADA57B944457}.Release|Any CPU.Deploy.0 = Release|Any CPU
		{2DEBA211-1DE5-47C6-9FF6-ADA57B944457}.Release|iPhone.ActiveCfg = Release|Any CPU
		{2DEBA211-1DE5-47C6-9FF6-ADA57B944457}.Release|iPhone.Build.0 = Release|Any CPU
		{2DEBA211-1DE5-47C6-9FF6-ADA57B944457}.Release|iPhone.Deploy.0 = Release|Any CPU
		{2DEBA211-1DE5-47C6-9FF6-ADA57B944457}.Release|iPhoneSimulator.ActiveCfg = Release|Any CPU
		{2DEBA211-1DE5-47C6-9FF6-ADA57B944457}.Release|iPhoneSimulator.Build.0 = Release|Any CPU
		{2DEBA211-1DE5-47C6-9FF6-ADA57B944457}.Release|iPhoneSimulator.Deploy.0 = Release|Any CPU
	EndGlobalSection
	GlobalSection(SolutionProperties) = preSolution
		HideSolutionNode = FALSE
	EndGlobalSection
	GlobalSection(ExtensibilityGlobals) = postSolution
		SolutionGuid = {51E9D40D-F238-4594-9BD5-8D0F159BE209}
	EndGlobalSection
EndGlobal
